version = 1
revision = 3
requires-python = ">=3.13"

[[package]]
name = "annosennustetavuusmalli"
version = "0.1.0"
source = { virtual = "." }

[package.dev-dependencies]
dev = [
    { name = "annosennustetavuusmalli" },
]

[package.metadata]

[package.metadata.requires-dev]
dev = [{ name = "annosennustetavuusmalli", virtual = "." }]
